Microsoft Visual Studio Solution File, Format Version 12.00
# Visual Studio 2012
Project("{FAE04EC0-301F-11D3-BF4B-00C04F79EFBC}") = "DXWebApplication1", "DXWebApplication1\DXWebApplication1.csproj", "{1447AD8F-3169-4A1E-8024-17637E3810E0}"
EndProject
Global
	GlobalSection(SolutionConfigurationPlatforms) = preSolution
		Debug|Any CPU = Debug|Any CPU
		Release|Any CPU = Release|Any CPU
	EndGlobalSection
	GlobalSection(ProjectConfigurationPlatforms) = postSolution
		{1447AD8F-3169-4A1E-8024-17637E3810E0}.Debug|Any CPU.ActiveCfg = Debug|Any CPU
		{1447AD8F-3169-4A1E-8024-17637E3810E0}.Debug|Any CPU.Build.0 = Debug|Any CPU
		{1447AD8F-3169-4A1E-8024-17637E3810E0}.Release|Any CPU.ActiveCfg = Release|Any CPU
		{1447AD8F-3169-4A1E-8024-17637E3810E0}.Release|Any CPU.Build.0 = Release|Any CPU
	EndGlobalSection
	GlobalSection(SolutionProperties) = preSolution
		HideSolutionNode = FALSE
	EndGlobalSection
EndGlobal
